schema: '2.0'
stages:
  data_ingestion:
    cmd: python src/data/data_ingestion.py
    deps:
    - path: src/data/data_ingestion.py
      hash: md5
      md5: 8ed5e79a6f2599a87a4906566d21c366
      size: 3591
    params:
      params.yaml:
        data_ingestion.test_size: 0.2
    outs:
    - path: data/raw
      hash: md5
      md5: e13bcce40396cd334c8a7a334868166a.dir
      size: 6919701
      nfiles: 2
  data_preprocessing:
    cmd: python src/data/data_preprocessing.py
    deps:
    - path: data/raw/test.csv
      hash: md5
      md5: ea97ba82a4a25627bf4ffb52572484ea
      size: 1348612
    - path: data/raw/train.csv
      hash: md5
      md5: 1bd422dd6d135bced1d6c64a3e84a45d
      size: 5571089
    - path: src/data/data_preprocessing.py
      hash: md5
      md5: b91fe0576e33808244e7d0a277978ff1
      size: 3848
    outs:
    - path: data/interim
      hash: md5
      md5: ba42408e7bd1e85685474d6a349ae57e.dir
      size: 5134850
      nfiles: 2
  model_building:
    cmd: python src/model/model_building.py
    deps:
    - path: data/interim/train_processed.csv
      hash: md5
      md5: 35027dfda8274bd9356544f2ff358aa4
      size: 4134324
    - path: src/model/model_building.py
      hash: md5
      md5: 91b61b8ec60cd1ada5f35dd18b4de63a
      size: 5689
    params:
      params.yaml:
        model_building.learning_rate: 0.09
        model_building.max_depth: 20
        model_building.max_features: 1000
        model_building.n_estimators: 367
        model_building.ngram_range:
        - 1
        - 3
    outs:
    - path: lgbm_model.pkl
      hash: md5
      md5: cf1f032d9744db64ecd49f469d2bc63c
      size: 3886705
    - path: tfidf_vectorizer.pkl
      hash: md5
      md5: 6baf39c33d3da2f857124105cd6f3727
      size: 36874
